<?xml version="1.0" encoding="utf-8"?>
<Project ToolsVersion="4.0" xmlns="http://schemas.microsoft.com/developer/msbuild/2003">
  <ItemGroup>
    <Filter Include="lib">
      <UniqueIdentifier>{4FC737F1-C7A5-4376-A066-2A32D752A2FF}</UniqueIdentifier>
      <Extensions>cpp;c;cc;cxx;def;odl;idl;hpj;bat;asm;asmx</Extensions>
    </Filter>
    <Filter Include="include">
      <UniqueIdentifier>{93995380-89BD-4b04-88EB-625FBE52EBFB}</UniqueIdentifier>
      <Extensions>h;hh;hpp;hxx;hm;inl;inc;xsd</Extensions>
    </Filter>
    <Filter Include="shader">
      <UniqueIdentifier>{c45c2854-081d-48c3-8424-0eab15816a17}</UniqueIdentifier>
    </Filter>
  </ItemGroup>
  <ItemGroup>
    <ClInclude Include="include\stdafx.h">
      <Filter>include</Filter>
    </ClInclude>
    <ClInclude Include="include\targetver.h">
      <Filter>include</Filter>
    </ClInclude>
    <ClInclude Include="include\Camera.h">
      <Filter>include</Filter>
    </ClInclude>
    <ClInclude Include="include\d3dx12.h">
      <Filter>include</Filter>
    </ClInclude>
    <ClInclude Include="include\dds.h">
      <Filter>include</Filter>
    </ClInclude>
    <ClInclude Include="include\DDSTextureLoader.h">
      <Filter>include</Filter>
    </ClInclude>
    <ClInclude Include="include\DirectX12Device.h">
      <Filter>include</Filter>
    </ClInclude>
    <ClInclude Include="include\Fps.h">
      <Filter>include</Filter>
    </ClInclude>
    <ClInclude Include="include\Graphics.h">
      <Filter>include</Filter>
    </ClInclude>
    <ClInclude Include="include\Input.h">
      <Filter>include</Filter>
    </ClInclude>
    <ClInclude Include="include\Light.h">
      <Filter>include</Filter>
    </ClInclude>
    <ClInclude Include="include\Model.h">
      <Filter>include</Filter>
    </ClInclude>
    <ClInclude Include="include\ModelMaterial.h">
      <Filter>include</Filter>
    </ClInclude>
    <ClInclude Include="include\Position.h">
      <Filter>include</Filter>
    </ClInclude>
    <ClInclude Include="include\System.h">
      <Filter>include</Filter>
    </ClInclude>
    <ClInclude Include="include\Text.h">
      <Filter>include</Filter>
    </ClInclude>
    <ClInclude Include="include\TextMaterial.h">
      <Filter>include</Filter>
    </ClInclude>
    <ClInclude Include="include\Timer.h">
      <Filter>include</Filter>
    </ClInclude>
    <ClInclude Include="include\ShaderLoader.h">
      <Filter>include</Filter>
    </ClInclude>
    <ClInclude Include="include\Material.h">
      <Filter>include</Filter>
    </ClInclude>
    <ClInclude Include="include\TypeDefine.h">
      <Filter>include</Filter>
    </ClInclude>
    <ClInclude Include="include\TextureLoader.h">
      <Filter>include</Filter>
    </ClInclude>
    <ClInclude Include="include\Font.h">
      <Filter>include</Filter>
    </ClInclude>
    <ClInclude Include="include\ScreenQuad.h">
      <Filter>include</Filter>
    </ClInclude>
    <ClInclude Include="include\ScreenQuadMaterial.h">
      <Filter>include</Filter>
    </ClInclude>
    <ClInclude Include="include\CPUUsageTracker.h">
      <Filter>include</Filter>
    </ClInclude>
    <ClInclude Include="include\PBRMaterial.h">
      <Filter>include</Filter>
    </ClInclude>
    <ClInclude Include="include\PBRModel.h">
      <Filter>include</Filter>
    </ClInclude>
    <ClInclude Include="include\BumpMapMaterial.h">
      <Filter>include</Filter>
    </ClInclude>
    <ClInclude Include="include\BumpMapModel.h">
      <Filter>include</Filter>
    </ClInclude>
    <ClInclude Include="include\BumpMappingScene.h">
      <Filter>include</Filter>
    </ClInclude>
    <ClInclude Include="include\SpecularMapMaterial.h">
      <Filter>include</Filter>
    </ClInclude>
    <ClInclude Include="include\SpecularMapModel.h">
      <Filter>include</Filter>
    </ClInclude>
    <ClInclude Include="include\SpecularMappingScene.h">
      <Filter>include</Filter>
    </ClInclude>
    <ClInclude Include="include\ReflectionFloorMaterial.h">
      <Filter>include</Filter>
    </ClInclude>
    <ClInclude Include="include\ReflectionModel.h">
      <Filter>include</Filter>
    </ClInclude>
    <ClInclude Include="include\ReflectionScene.h">
      <Filter>include</Filter>
    </ClInclude>
    <ClInclude Include="include\ReflectionTextureMaterial.h">
      <Filter>include</Filter>
    </ClInclude>
    <ClInclude Include="include\RenderTexture.h">
      <Filter>include</Filter>
    </ClInclude>
  </ItemGroup>
  <ItemGroup>
    <ClCompile Include="lib\stdafx.cpp">
      <Filter>lib</Filter>
    </ClCompile>
    <ClCompile Include="lib\Camera.cpp">
      <Filter>lib</Filter>
    </ClCompile>
    <ClCompile Include="lib\DDSTextureLoader.cpp">
      <Filter>lib</Filter>
    </ClCompile>
    <ClCompile Include="lib\DirectX12Device.cpp">
      <Filter>lib</Filter>
    </ClCompile>
    <ClCompile Include="lib\Fps.cpp">
      <Filter>lib</Filter>
    </ClCompile>
    <ClCompile Include="lib\Graphics.cpp">
      <Filter>lib</Filter>
    </ClCompile>
    <ClCompile Include="lib\Input.cpp">
      <Filter>lib</Filter>
    </ClCompile>
    <ClCompile Include="lib\main.cpp">
      <Filter>lib</Filter>
    </ClCompile>
    <ClCompile Include="lib\Model.cpp">
      <Filter>lib</Filter>
    </ClCompile>
    <ClCompile Include="lib\ModelMaterial.cpp">
      <Filter>lib</Filter>
    </ClCompile>
    <ClCompile Include="lib\Position.cpp">
      <Filter>lib</Filter>
    </ClCompile>
    <ClCompile Include="lib\System.cpp">
      <Filter>lib</Filter>
    </ClCompile>
    <ClCompile Include="lib\Text.cpp">
      <Filter>lib</Filter>
    </ClCompile>
    <ClCompile Include="lib\TextMaterial.cpp">
      <Filter>lib</Filter>
    </ClCompile>
    <ClCompile Include="lib\Timer.cpp">
      <Filter>lib</Filter>
    </ClCompile>
    <ClCompile Include="lib\ShaderLoader.cpp">
      <Filter>lib</Filter>
    </ClCompile>
    <ClCompile Include="lib\Material.cpp">
      <Filter>lib</Filter>
    </ClCompile>
    <ClCompile Include="lib\TextureLoader.cpp">
      <Filter>lib</Filter>
    </ClCompile>
    <ClCompile Include="lib\Font.cpp">
      <Filter>lib</Filter>
    </ClCompile>
    <ClCompile Include="lib\TypeDefine.cpp">
      <Filter>lib</Filter>
    </ClCompile>
    <ClCompile Include="lib\ScreenQuad.cpp">
      <Filter>lib</Filter>
    </ClCompile>
    <ClCompile Include="lib\ScreenQuadMaterial.cpp">
      <Filter>lib</Filter>
    </ClCompile>
    <ClCompile Include="lib\CPUUsageTracker.cpp">
      <Filter>lib</Filter>
    </ClCompile>
    <ClCompile Include="lib\PBRMaterial.cpp">
      <Filter>lib</Filter>
    </ClCompile>
    <ClCompile Include="lib\PBRModel.cpp">
      <Filter>lib</Filter>
    </ClCompile>
    <ClCompile Include="lib\BumpMapMaterial.cpp">
      <Filter>lib</Filter>
    </ClCompile>
    <ClCompile Include="lib\BumpMapModel.cpp">
      <Filter>lib</Filter>
    </ClCompile>
    <ClCompile Include="lib\BumpMappingScene.cpp">
      <Filter>lib</Filter>
    </ClCompile>
    <ClCompile Include="lib\SpecularMapMaterial.cpp">
      <Filter>lib</Filter>
    </ClCompile>
    <ClCompile Include="lib\SpecularMapModel.cpp">
      <Filter>lib</Filter>
    </ClCompile>
    <ClCompile Include="lib\SpecularMappingScene.cpp">
      <Filter>lib</Filter>
    </ClCompile>
    <ClCompile Include="lib\ReflectionFloorMaterial.cpp">
      <Filter>lib</Filter>
    </ClCompile>
    <ClCompile Include="lib\ReflectionModel.cpp">
      <Filter>lib</Filter>
    </ClCompile>
    <ClCompile Include="lib\ReflectionScene.cpp">
      <Filter>lib</Filter>
    </ClCompile>
    <ClCompile Include="lib\ReflectionTextureMaterial.cpp">
      <Filter>lib</Filter>
    </ClCompile>
    <ClCompile Include="lib\RenderTexture.cpp">
      <Filter>lib</Filter>
    </ClCompile>
  </ItemGroup>
  <ItemGroup>
    <None Include="shader\font.hlsl">
      <Filter>shader</Filter>
    </None>
    <None Include="shader\light.hlsl">
      <Filter>shader</Filter>
    </None>
    <None Include="shader\texture.hlsl">
      <Filter>shader</Filter>
    </None>
    <None Include="shader\pbr.hlsl">
      <Filter>shader</Filter>
    </None>
    <None Include="shader\bumpMap.hlsl">
      <Filter>shader</Filter>
    </None>
    <None Include="shader\specMap.hlsl">
      <Filter>shader</Filter>
    </None>
    <None Include="shader\reflection.hlsl">
      <Filter>shader</Filter>
    </None>
  </ItemGroup>
</Project>